
Microsoft Visual Studio Solution File, Format Version 12.00
# Visual Studio Version 17
VisualStudioVersion = 17.0.31903.59
MinimumVisualStudioVersion = 10.0.40219.1
Project("{2150E333-8FDC-42A3-9474-1A3956D46DE8}") = "Solution Items", "Solution Items", "{13AACED0-099F-423D-AC8A-E3067DD42A55}"
	ProjectSection(SolutionItems) = preProject
		.gitignore = .gitignore
		tools\19404084.png = tools\19404084.png
		azure-pipelines.yml = azure-pipelines.yml
		Directory.Build.props = Directory.Build.props
		.github\workflows\dotnetcore.yml = .github\workflows\dotnetcore.yml
		tools\LICENSE = tools\LICENSE
		Natasha.ProjectVersion.txt = Natasha.ProjectVersion.txt
		README.md = README.md
	EndProjectSection
EndProject
Project("{2150E333-8FDC-42A3-9474-1A3956D46DE8}") = "src", "src", "{508A2E20-BB12-4610-8CB2-0B07B233DE68}"
EndProject
Project("{2150E333-8FDC-42A3-9474-1A3956D46DE8}") = "samples", "samples", "{B4487ABB-27A2-4353-AB16-1A94B31E0210}"
EndProject
Project("{2150E333-8FDC-42A3-9474-1A3956D46DE8}") = "test", "test", "{1F267883-0864-4C1C-AE20-E2AF5457BA54}"
EndProject
Project("{9A19103F-16F7-4668-BE54-9A1E7A4F7556}") = "UnloadTest20", "test\UnloadTest20\UnloadTest20.csproj", "{13F80608-84B1-417B-9DC6-361352AB9F32}"
EndProject
Project("{9A19103F-16F7-4668-BE54-9A1E7A4F7556}") = "UnloadTest30", "test\UnloadTest30\UnloadTest30.csproj", "{C26276A5-25E9-4212-A1FE-807E5B570195}"
EndProject
Project("{9A19103F-16F7-4668-BE54-9A1E7A4F7556}") = "NatashaBenchmark", "test\NatashaBenchmark\NatashaBenchmark.csproj", "{AB7A1326-26BC-46E1-A9B1-32DEFE2E8443}"
EndProject
Project("{9A19103F-16F7-4668-BE54-9A1E7A4F7556}") = "UnloadTest31", "test\UnloadTest31\UnloadTest31.csproj", "{14CAF544-3DD9-43DF-BC84-611A191048EB}"
EndProject
Project("{9A19103F-16F7-4668-BE54-9A1E7A4F7556}") = "Core31", "samples\Core31\Core31.csproj", "{A03DE42E-E15C-4A4B-B6F2-60A7F9CAEA40}"
EndProject
Project("{9A19103F-16F7-4668-BE54-9A1E7A4F7556}") = "Core31WebApi", "samples\Core31WebApi\Core31WebApi.csproj", "{CB3222DD-DFEA-4013-B71E-F773F258E908}"
EndProject
Project("{9A19103F-16F7-4668-BE54-9A1E7A4F7556}") = "Core31Mvc", "samples\Core31Mvc\Core31Mvc.csproj", "{F60E41D4-92E6-41D3-AD23-22C8749A151D}"
EndProject
Project("{9A19103F-16F7-4668-BE54-9A1E7A4F7556}") = "Natasha.Domain", "src\Natasha.Domain\Natasha.Domain.csproj", "{E9E2DC38-DE80-445C-B2F8-0A7B47D0A44D}"
EndProject
Project("{2150E333-8FDC-42A3-9474-1A3956D46DE8}") = "CSharp", "CSharp", "{8C9B862A-B569-460C-8B74-E74C6DF0CAB3}"
EndProject
Project("{FAE04EC0-301F-11D3-BF4B-00C04F79EFBC}") = "Test1702", "samples\Test1702\Test1702.csproj", "{55B61B3E-19B6-41F6-8C94-DA1DE480DE5C}"
EndProject
Project("{9A19103F-16F7-4668-BE54-9A1E7A4F7556}") = "NET5WebApi", "samples\NET5WebApi\NET5WebApi.csproj", "{77FBE526-FB0F-43C3-AE00-5E19732F22C0}"
EndProject
Project("{9A19103F-16F7-4668-BE54-9A1E7A4F7556}") = "NET50", "samples\NET50\NET50.csproj", "{F099B4BA-7E3F-4EB5-9C06-F9D3E124A207}"
EndProject
Project("{2150E333-8FDC-42A3-9474-1A3956D46DE8}") = "Extension", "Extension", "{0CB3AF52-50F3-4728-BAC6-389F2E995111}"
EndProject
Project("{9A19103F-16F7-4668-BE54-9A1E7A4F7556}") = "Natasha.CSharp.Extension.InvisibleInstance", "src\Natasha.CSharp\Extension\Natasha.CSharp.Extension.InvisibleInstance\Natasha.CSharp.Extension.InvisibleInstance.csproj", "{37AD3745-2E8E-47A2-8AC7-FFC6826319DB}"
EndProject
Project("{9A19103F-16F7-4668-BE54-9A1E7A4F7556}") = "Natasha.CSharp.Extension.Ambiguity", "src\Natasha.CSharp\Extension\Natasha.CSharp.Extension.Ambiguity\Natasha.CSharp.Extension.Ambiguity.csproj", "{B0029058-4D8F-4CA0-A5DF-8DA84F992F2B}"
EndProject
Project("{FAE04EC0-301F-11D3-BF4B-00C04F79EFBC}") = "Natasha.CSharp.Extension.PHP", "src\Natasha.CSharp\Extension\Natasha.CSharp.Extension.PHP\Natasha.CSharp.Extension.PHP.csproj", "{3792A3C5-496E-4555-A5A2-DB656DBAEDAC}"
EndProject
Project("{FAE04EC0-301F-11D3-BF4B-00C04F79EFBC}") = "Natasha.CSharp.Extension.ProcessCode", "src\Natasha.CSharp\Extension\Natasha.CSharp.Extension.ProcessCode\Natasha.CSharp.Extension.ProcessCode.csproj", "{60C43D36-817B-4EED-987B-CACDEE53CF76}"
EndProject
Project("{2150E333-8FDC-42A3-9474-1A3956D46DE8}") = "Plugin", "Plugin", "{1409A106-76BE-49EB-9A86-AF9A9110FBFD}"
EndProject
Project("{9A19103F-16F7-4668-BE54-9A1E7A4F7556}") = "ImplementPlugin", "samples\Plugin\NatashaPluginSample\ImplementPlugin.csproj", "{6BBEA83E-F737-4B61-A62E-30577931EE5B}"
EndProject
Project("{9A19103F-16F7-4668-BE54-9A1E7A4F7556}") = "PluginBase", "samples\Plugin\PluginBase\PluginBase.csproj", "{2207D4D5-BD90-412C-A77A-8042533A3095}"
EndProject
Project("{9A19103F-16F7-4668-BE54-9A1E7A4F7556}") = "PluginSample", "samples\Plugin\PluginSample\PluginSample.csproj", "{7CB1C9F1-66A3-4053-8AFC-ED360CBEE486}"
EndProject
Project("{9A19103F-16F7-4668-BE54-9A1E7A4F7556}") = "net60", "samples\net60\net60.csproj", "{A829B975-4012-4252-8353-F0B5D7502BD8}"
EndProject
Project("{9A19103F-16F7-4668-BE54-9A1E7A4F7556}") = "ReferenceTest50", "test\ReferenceTest50\ReferenceTest50.csproj", "{057B66E6-2491-4195-B0B0-DBA554806128}"
EndProject
Project("{9A19103F-16F7-4668-BE54-9A1E7A4F7556}") = "Natasha.CSharp", "src\Natasha.CSharp\Natasha.CSharp\Natasha.CSharp.csproj", "{7E92644E-9DA0-493A-B1C6-B0E9E1D1C85B}"
EndProject
Project("{9A19103F-16F7-4668-BE54-9A1E7A4F7556}") = "NatashaFunctionUT", "test\NatashaFunctionUT\NatashaFunctionUT.csproj", "{AF1442F4-3E3C-4A13-B5B8-B734314909A6}"
EndProject
Project("{2150E333-8FDC-42A3-9474-1A3956D46DE8}") = "PluginLibraries", "PluginLibraries", "{7EF9765B-8021-4D15-BC85-A74C59016F77}"
EndProject
Project("{9A19103F-16F7-4668-BE54-9A1E7A4F7556}") = "PluginBase", "test\PluginLibraries\PluginBase\PluginBase.csproj", "{867B36EB-53C2-4397-A9CE-63FCD323EDB7}"
EndProject
Project("{9A19103F-16F7-4668-BE54-9A1E7A4F7556}") = "newNET60", "samples\newNET60\newNET60.csproj", "{AD9BF916-20C6-49BE-9D0D-EADD560B388C}"
EndProject
Project("{2150E333-8FDC-42A3-9474-1A3956D46DE8}") = "DN_DV", "DN_DV", "{03C7E3B2-158E-4E24-BF32-52BC88D33729}"
EndProject
Project("{9A19103F-16F7-4668-BE54-9A1E7A4F7556}") = "DNDV1", "test\PluginLibraries\DN_DV\DNDV1\DNDV1.csproj", "{E8766D13-08CF-416D-B6B6-D394B0BF8DB0}"
EndProject
Project("{9A19103F-16F7-4668-BE54-9A1E7A4F7556}") = "DNDV2", "test\PluginLibraries\DN_DV\DNDV2\DNDV2.csproj", "{36B16F29-01EC-47ED-A3CE-056C74AD1A9E}"
EndProject
Project("{2150E333-8FDC-42A3-9474-1A3956D46DE8}") = "DN_SV", "DN_SV", "{BA2DD6BE-8C75-4045-99C8-93848AF5124B}"
EndProject
Project("{9A19103F-16F7-4668-BE54-9A1E7A4F7556}") = "DNSV1", "test\PluginLibraries\DN_SV\DNSV1\DNSV1.csproj", "{1777BB35-B799-4D24-A8EB-6B2F54927382}"
EndProject
Project("{9A19103F-16F7-4668-BE54-9A1E7A4F7556}") = "DNSV2", "test\PluginLibraries\DN_SV\DNSV2\DNSV2.csproj", "{DBC587BD-5E86-4C7F-8088-E500536C9F71}"
EndProject
Project("{2150E333-8FDC-42A3-9474-1A3956D46DE8}") = "SNDV_SV", "SNDV_SV", "{DA74FF74-60E9-4208-9F64-E627C0E13166}"
EndProject
Project("{2150E333-8FDC-42A3-9474-1A3956D46DE8}") = "SNDV_DV", "SNDV_DV", "{485BAAA8-4463-4194-BB4F-164886433FB1}"
EndProject
Project("{9A19103F-16F7-4668-BE54-9A1E7A4F7556}") = "SNDVDV", "test\PluginLibraries\SNDV_DV\SNDVDV\SNDVDV.csproj", "{18CF433A-6AB0-4170-BBCF-ADD20B6A76AE}"
EndProject
Project("{9A19103F-16F7-4668-BE54-9A1E7A4F7556}") = "SNDVSV", "test\PluginLibraries\SNDV_SV\SNDVSV\SNDVSV.csproj", "{0EFCE50E-AD24-4781-8967-6DB323CA4165}"
EndProject
Project("{2150E333-8FDC-42A3-9474-1A3956D46DE8}") = "SNIV_DV", "SNIV_DV", "{340A5703-DEB3-4980-A991-C071D28B4271}"
EndProject
Project("{2150E333-8FDC-42A3-9474-1A3956D46DE8}") = "SNIV_SV", "SNIV_SV", "{AD477136-AF9E-4968-94AD-3CE479343CB9}"
EndProject
Project("{9A19103F-16F7-4668-BE54-9A1E7A4F7556}") = "SNIVDV", "test\PluginLibraries\SNIV_DV\SNIVDV\SNIVDV.csproj", "{3C9705E8-07F7-4E05-B6D8-E064E1A7B43B}"
EndProject
Project("{9A19103F-16F7-4668-BE54-9A1E7A4F7556}") = "SNIVSV", "test\PluginLibraries\SNIV_SV\SNIVSV\SNIVSV.csproj", "{EB82AC7E-733E-4BD3-A8C4-5756CCDD8528}"
EndProject
Project("{2150E333-8FDC-42A3-9474-1A3956D46DE8}") = "MetadataDiff", "MetadataDiff", "{92E66B12-0092-44BD-A4EA-623E31801241}"
EndProject
Project("{9A19103F-16F7-4668-BE54-9A1E7A4F7556}") = "MetadataDiff", "test\PluginLibraries\MetadataDiff\MetadataDiff\MetadataDiff.csproj", "{55C86039-7262-4CCB-911D-4F17A53C3863}"
EndProject
Project("{9A19103F-16F7-4668-BE54-9A1E7A4F7556}") = "NormalBenchmark", "test\NormalBenchmark\NormalBenchmark.csproj", "{D80E2ECA-DAF2-438B-ACF4-35736795368A}"
EndProject
Global
	GlobalSection(SolutionConfigurationPlatforms) = preSolution
		Debug|Any CPU = Debug|Any CPU
		Release|Any CPU = Release|Any CPU
	EndGlobalSection
	GlobalSection(ProjectConfigurationPlatforms) = postSolution
		{13F80608-84B1-417B-9DC6-361352AB9F32}.Debug|Any CPU.ActiveCfg = Debug|Any CPU
		{13F80608-84B1-417B-9DC6-361352AB9F32}.Debug|Any CPU.Build.0 = Debug|Any CPU
		{13F80608-84B1-417B-9DC6-361352AB9F32}.Release|Any CPU.ActiveCfg = Release|Any CPU
		{13F80608-84B1-417B-9DC6-361352AB9F32}.Release|Any CPU.Build.0 = Release|Any CPU
		{C26276A5-25E9-4212-A1FE-807E5B570195}.Debug|Any CPU.ActiveCfg = Debug|Any CPU
		{C26276A5-25E9-4212-A1FE-807E5B570195}.Debug|Any CPU.Build.0 = Debug|Any CPU
		{C26276A5-25E9-4212-A1FE-807E5B570195}.Release|Any CPU.ActiveCfg = Release|Any CPU
		{C26276A5-25E9-4212-A1FE-807E5B570195}.Release|Any CPU.Build.0 = Release|Any CPU
		{AB7A1326-26BC-46E1-A9B1-32DEFE2E8443}.Debug|Any CPU.ActiveCfg = Debug|Any CPU
		{AB7A1326-26BC-46E1-A9B1-32DEFE2E8443}.Debug|Any CPU.Build.0 = Debug|Any CPU
		{AB7A1326-26BC-46E1-A9B1-32DEFE2E8443}.Release|Any CPU.ActiveCfg = Release|Any CPU
		{AB7A1326-26BC-46E1-A9B1-32DEFE2E8443}.Release|Any CPU.Build.0 = Release|Any CPU
		{14CAF544-3DD9-43DF-BC84-611A191048EB}.Debug|Any CPU.ActiveCfg = Debug|Any CPU
		{14CAF544-3DD9-43DF-BC84-611A191048EB}.Debug|Any CPU.Build.0 = Debug|Any CPU
		{14CAF544-3DD9-43DF-BC84-611A191048EB}.Release|Any CPU.ActiveCfg = Release|Any CPU
		{14CAF544-3DD9-43DF-BC84-611A191048EB}.Release|Any CPU.Build.0 = Release|Any CPU
		{A03DE42E-E15C-4A4B-B6F2-60A7F9CAEA40}.Debug|Any CPU.ActiveCfg = Debug|Any CPU
		{A03DE42E-E15C-4A4B-B6F2-60A7F9CAEA40}.Debug|Any CPU.Build.0 = Debug|Any CPU
		{A03DE42E-E15C-4A4B-B6F2-60A7F9CAEA40}.Release|Any CPU.ActiveCfg = Release|Any CPU
		{A03DE42E-E15C-4A4B-B6F2-60A7F9CAEA40}.Release|Any CPU.Build.0 = Release|Any CPU
		{CB3222DD-DFEA-4013-B71E-F773F258E908}.Debug|Any CPU.ActiveCfg = Debug|Any CPU
		{CB3222DD-DFEA-4013-B71E-F773F258E908}.Debug|Any CPU.Build.0 = Debug|Any CPU
		{CB3222DD-DFEA-4013-B71E-F773F258E908}.Release|Any CPU.ActiveCfg = Release|Any CPU
		{CB3222DD-DFEA-4013-B71E-F773F258E908}.Release|Any CPU.Build.0 = Release|Any CPU
		{F60E41D4-92E6-41D3-AD23-22C8749A151D}.Debug|Any CPU.ActiveCfg = Debug|Any CPU
		{F60E41D4-92E6-41D3-AD23-22C8749A151D}.Debug|Any CPU.Build.0 = Debug|Any CPU
		{F60E41D4-92E6-41D3-AD23-22C8749A151D}.Release|Any CPU.ActiveCfg = Release|Any CPU
		{F60E41D4-92E6-41D3-AD23-22C8749A151D}.Release|Any CPU.Build.0 = Release|Any CPU
		{E9E2DC38-DE80-445C-B2F8-0A7B47D0A44D}.Debug|Any CPU.ActiveCfg = Debug|Any CPU
		{E9E2DC38-DE80-445C-B2F8-0A7B47D0A44D}.Debug|Any CPU.Build.0 = Debug|Any CPU
		{E9E2DC38-DE80-445C-B2F8-0A7B47D0A44D}.Release|Any CPU.ActiveCfg = Release|Any CPU
		{E9E2DC38-DE80-445C-B2F8-0A7B47D0A44D}.Release|Any CPU.Build.0 = Release|Any CPU
		{55B61B3E-19B6-41F6-8C94-DA1DE480DE5C}.Debug|Any CPU.ActiveCfg = Debug|Any CPU
		{55B61B3E-19B6-41F6-8C94-DA1DE480DE5C}.Debug|Any CPU.Build.0 = Debug|Any CPU
		{55B61B3E-19B6-41F6-8C94-DA1DE480DE5C}.Release|Any CPU.ActiveCfg = Release|Any CPU
		{55B61B3E-19B6-41F6-8C94-DA1DE480DE5C}.Release|Any CPU.Build.0 = Release|Any CPU
		{77FBE526-FB0F-43C3-AE00-5E19732F22C0}.Debug|Any CPU.ActiveCfg = Debug|Any CPU
		{77FBE526-FB0F-43C3-AE00-5E19732F22C0}.Debug|Any CPU.Build.0 = Debug|Any CPU
		{77FBE526-FB0F-43C3-AE00-5E19732F22C0}.Release|Any CPU.ActiveCfg = Release|Any CPU
		{77FBE526-FB0F-43C3-AE00-5E19732F22C0}.Release|Any CPU.Build.0 = Release|Any CPU
		{F099B4BA-7E3F-4EB5-9C06-F9D3E124A207}.Debug|Any CPU.ActiveCfg = Debug|Any CPU
		{F099B4BA-7E3F-4EB5-9C06-F9D3E124A207}.Debug|Any CPU.Build.0 = Debug|Any CPU
		{F099B4BA-7E3F-4EB5-9C06-F9D3E124A207}.Release|Any CPU.ActiveCfg = Release|Any CPU
		{F099B4BA-7E3F-4EB5-9C06-F9D3E124A207}.Release|Any CPU.Build.0 = Release|Any CPU
		{37AD3745-2E8E-47A2-8AC7-FFC6826319DB}.Debug|Any CPU.ActiveCfg = Debug|Any CPU
		{37AD3745-2E8E-47A2-8AC7-FFC6826319DB}.Debug|Any CPU.Build.0 = Debug|Any CPU
		{37AD3745-2E8E-47A2-8AC7-FFC6826319DB}.Release|Any CPU.ActiveCfg = Release|Any CPU
		{37AD3745-2E8E-47A2-8AC7-FFC6826319DB}.Release|Any CPU.Build.0 = Release|Any CPU
		{B0029058-4D8F-4CA0-A5DF-8DA84F992F2B}.Debug|Any CPU.ActiveCfg = Debug|Any CPU
		{B0029058-4D8F-4CA0-A5DF-8DA84F992F2B}.Debug|Any CPU.Build.0 = Debug|Any CPU
		{B0029058-4D8F-4CA0-A5DF-8DA84F992F2B}.Release|Any CPU.ActiveCfg = Release|Any CPU
		{B0029058-4D8F-4CA0-A5DF-8DA84F992F2B}.Release|Any CPU.Build.0 = Release|Any CPU
		{3792A3C5-496E-4555-A5A2-DB656DBAEDAC}.Debug|Any CPU.ActiveCfg = Debug|Any CPU
		{3792A3C5-496E-4555-A5A2-DB656DBAEDAC}.Debug|Any CPU.Build.0 = Debug|Any CPU
		{3792A3C5-496E-4555-A5A2-DB656DBAEDAC}.Release|Any CPU.ActiveCfg = Release|Any CPU
		{3792A3C5-496E-4555-A5A2-DB656DBAEDAC}.Release|Any CPU.Build.0 = Release|Any CPU
		{60C43D36-817B-4EED-987B-CACDEE53CF76}.Debug|Any CPU.ActiveCfg = Debug|Any CPU
		{60C43D36-817B-4EED-987B-CACDEE53CF76}.Debug|Any CPU.Build.0 = Debug|Any CPU
		{60C43D36-817B-4EED-987B-CACDEE53CF76}.Release|Any CPU.ActiveCfg = Release|Any CPU
		{60C43D36-817B-4EED-987B-CACDEE53CF76}.Release|Any CPU.Build.0 = Release|Any CPU
		{6BBEA83E-F737-4B61-A62E-30577931EE5B}.Debug|Any CPU.ActiveCfg = Debug|Any CPU
		{6BBEA83E-F737-4B61-A62E-30577931EE5B}.Debug|Any CPU.Build.0 = Debug|Any CPU
		{6BBEA83E-F737-4B61-A62E-30577931EE5B}.Release|Any CPU.ActiveCfg = Release|Any CPU
		{6BBEA83E-F737-4B61-A62E-30577931EE5B}.Release|Any CPU.Build.0 = Release|Any CPU
		{2207D4D5-BD90-412C-A77A-8042533A3095}.Debug|Any CPU.ActiveCfg = Debug|Any CPU
		{2207D4D5-BD90-412C-A77A-8042533A3095}.Debug|Any CPU.Build.0 = Debug|Any CPU
		{2207D4D5-BD90-412C-A77A-8042533A3095}.Release|Any CPU.ActiveCfg = Release|Any CPU
		{2207D4D5-BD90-412C-A77A-8042533A3095}.Release|Any CPU.Build.0 = Release|Any CPU
		{7CB1C9F1-66A3-4053-8AFC-ED360CBEE486}.Debug|Any CPU.ActiveCfg = Debug|Any CPU
		{7CB1C9F1-66A3-4053-8AFC-ED360CBEE486}.Debug|Any CPU.Build.0 = Debug|Any CPU
		{7CB1C9F1-66A3-4053-8AFC-ED360CBEE486}.Release|Any CPU.ActiveCfg = Release|Any CPU
		{7CB1C9F1-66A3-4053-8AFC-ED360CBEE486}.Release|Any CPU.Build.0 = Release|Any CPU
		{A829B975-4012-4252-8353-F0B5D7502BD8}.Debug|Any CPU.ActiveCfg = Debug|Any CPU
		{A829B975-4012-4252-8353-F0B5D7502BD8}.Debug|Any CPU.Build.0 = Debug|Any CPU
		{A829B975-4012-4252-8353-F0B5D7502BD8}.Release|Any CPU.ActiveCfg = Release|Any CPU
		{A829B975-4012-4252-8353-F0B5D7502BD8}.Release|Any CPU.Build.0 = Release|Any CPU
		{057B66E6-2491-4195-B0B0-DBA554806128}.Debug|Any CPU.ActiveCfg = Debug|Any CPU
		{057B66E6-2491-4195-B0B0-DBA554806128}.Debug|Any CPU.Build.0 = Debug|Any CPU
		{057B66E6-2491-4195-B0B0-DBA554806128}.Release|Any CPU.ActiveCfg = Release|Any CPU
		{057B66E6-2491-4195-B0B0-DBA554806128}.Release|Any CPU.Build.0 = Release|Any CPU
		{7E92644E-9DA0-493A-B1C6-B0E9E1D1C85B}.Debug|Any CPU.ActiveCfg = Debug|Any CPU
		{7E92644E-9DA0-493A-B1C6-B0E9E1D1C85B}.Debug|Any CPU.Build.0 = Debug|Any CPU
		{7E92644E-9DA0-493A-B1C6-B0E9E1D1C85B}.Release|Any CPU.ActiveCfg = Release|Any CPU
		{7E92644E-9DA0-493A-B1C6-B0E9E1D1C85B}.Release|Any CPU.Build.0 = Release|Any CPU
		{AF1442F4-3E3C-4A13-B5B8-B734314909A6}.Debug|Any CPU.ActiveCfg = Debug|Any CPU
		{AF1442F4-3E3C-4A13-B5B8-B734314909A6}.Debug|Any CPU.Build.0 = Debug|Any CPU
		{AF1442F4-3E3C-4A13-B5B8-B734314909A6}.Release|Any CPU.ActiveCfg = Release|Any CPU
		{AF1442F4-3E3C-4A13-B5B8-B734314909A6}.Release|Any CPU.Build.0 = Release|Any CPU
		{867B36EB-53C2-4397-A9CE-63FCD323EDB7}.Debug|Any CPU.ActiveCfg = Debug|Any CPU
		{867B36EB-53C2-4397-A9CE-63FCD323EDB7}.Debug|Any CPU.Build.0 = Debug|Any CPU
		{867B36EB-53C2-4397-A9CE-63FCD323EDB7}.Release|Any CPU.ActiveCfg = Release|Any CPU
		{867B36EB-53C2-4397-A9CE-63FCD323EDB7}.Release|Any CPU.Build.0 = Release|Any CPU
		{AD9BF916-20C6-49BE-9D0D-EADD560B388C}.Debug|Any CPU.ActiveCfg = Debug|Any CPU
		{AD9BF916-20C6-49BE-9D0D-EADD560B388C}.Debug|Any CPU.Build.0 = Debug|Any CPU
		{AD9BF916-20C6-49BE-9D0D-EADD560B388C}.Release|Any CPU.ActiveCfg = Release|Any CPU
		{AD9BF916-20C6-49BE-9D0D-EADD560B388C}.Release|Any CPU.Build.0 = Release|Any CPU
		{E8766D13-08CF-416D-B6B6-D394B0BF8DB0}.Debug|Any CPU.ActiveCfg = Debug|Any CPU
		{E8766D13-08CF-416D-B6B6-D394B0BF8DB0}.Debug|Any CPU.Build.0 = Debug|Any CPU
		{E8766D13-08CF-416D-B6B6-D394B0BF8DB0}.Release|Any CPU.ActiveCfg = Release|Any CPU
		{E8766D13-08CF-416D-B6B6-D394B0BF8DB0}.Release|Any CPU.Build.0 = Release|Any CPU
		{36B16F29-01EC-47ED-A3CE-056C74AD1A9E}.Debug|Any CPU.ActiveCfg = Debug|Any CPU
		{36B16F29-01EC-47ED-A3CE-056C74AD1A9E}.Debug|Any CPU.Build.0 = Debug|Any CPU
		{36B16F29-01EC-47ED-A3CE-056C74AD1A9E}.Release|Any CPU.ActiveCfg = Release|Any CPU
		{36B16F29-01EC-47ED-A3CE-056C74AD1A9E}.Release|Any CPU.Build.0 = Release|Any CPU
		{1777BB35-B799-4D24-A8EB-6B2F54927382}.Debug|Any CPU.ActiveCfg = Debug|Any CPU
		{1777BB35-B799-4D24-A8EB-6B2F54927382}.Debug|Any CPU.Build.0 = Debug|Any CPU
		{1777BB35-B799-4D24-A8EB-6B2F54927382}.Release|Any CPU.ActiveCfg = Release|Any CPU
		{1777BB35-B799-4D24-A8EB-6B2F54927382}.Release|Any CPU.Build.0 = Release|Any CPU
		{DBC587BD-5E86-4C7F-8088-E500536C9F71}.Debug|Any CPU.ActiveCfg = Debug|Any CPU
		{DBC587BD-5E86-4C7F-8088-E500536C9F71}.Debug|Any CPU.Build.0 = Debug|Any CPU
		{DBC587BD-5E86-4C7F-8088-E500536C9F71}.Release|Any CPU.ActiveCfg = Release|Any CPU
		{DBC587BD-5E86-4C7F-8088-E500536C9F71}.Release|Any CPU.Build.0 = Release|Any CPU
		{18CF433A-6AB0-4170-BBCF-ADD20B6A76AE}.Debug|Any CPU.ActiveCfg = Debug|Any CPU
		{18CF433A-6AB0-4170-BBCF-ADD20B6A76AE}.Debug|Any CPU.Build.0 = Debug|Any CPU
		{18CF433A-6AB0-4170-BBCF-ADD20B6A76AE}.Release|Any CPU.ActiveCfg = Release|Any CPU
		{18CF433A-6AB0-4170-BBCF-ADD20B6A76AE}.Release|Any CPU.Build.0 = Release|Any CPU
		{0EFCE50E-AD24-4781-8967-6DB323CA4165}.Debug|Any CPU.ActiveCfg = Debug|Any CPU
		{0EFCE50E-AD24-4781-8967-6DB323CA4165}.Debug|Any CPU.Build.0 = Debug|Any CPU
		{0EFCE50E-AD24-4781-8967-6DB323CA4165}.Release|Any CPU.ActiveCfg = Release|Any CPU
		{0EFCE50E-AD24-4781-8967-6DB323CA4165}.Release|Any CPU.Build.0 = Release|Any CPU
		{3C9705E8-07F7-4E05-B6D8-E064E1A7B43B}.Debug|Any CPU.ActiveCfg = Debug|Any CPU
		{3C9705E8-07F7-4E05-B6D8-E064E1A7B43B}.Debug|Any CPU.Build.0 = Debug|Any CPU
		{3C9705E8-07F7-4E05-B6D8-E064E1A7B43B}.Release|Any CPU.ActiveCfg = Release|Any CPU
		{3C9705E8-07F7-4E05-B6D8-E064E1A7B43B}.Release|Any CPU.Build.0 = Release|Any CPU
		{EB82AC7E-733E-4BD3-A8C4-5756CCDD8528}.Debug|Any CPU.ActiveCfg = Debug|Any CPU
		{EB82AC7E-733E-4BD3-A8C4-5756CCDD8528}.Debug|Any CPU.Build.0 = Debug|Any CPU
		{EB82AC7E-733E-4BD3-A8C4-5756CCDD8528}.Release|Any CPU.ActiveCfg = Release|Any CPU
		{EB82AC7E-733E-4BD3-A8C4-5756CCDD8528}.Release|Any CPU.Build.0 = Release|Any CPU
		{55C86039-7262-4CCB-911D-4F17A53C3863}.Debug|Any CPU.ActiveCfg = Debug|Any CPU
		{55C86039-7262-4CCB-911D-4F17A53C3863}.Debug|Any CPU.Build.0 = Debug|Any CPU
		{55C86039-7262-4CCB-911D-4F17A53C3863}.Release|Any CPU.ActiveCfg = Release|Any CPU
		{55C86039-7262-4CCB-911D-4F17A53C3863}.Release|Any CPU.Build.0 = Release|Any CPU
		{D80E2ECA-DAF2-438B-ACF4-35736795368A}.Debug|Any CPU.ActiveCfg = Debug|Any CPU
		{D80E2ECA-DAF2-438B-ACF4-35736795368A}.Debug|Any CPU.Build.0 = Debug|Any CPU
		{D80E2ECA-DAF2-438B-ACF4-35736795368A}.Release|Any CPU.ActiveCfg = Release|Any CPU
		{D80E2ECA-DAF2-438B-ACF4-35736795368A}.Release|Any CPU.Build.0 = Release|Any CPU
	EndGlobalSection
	GlobalSection(SolutionProperties) = preSolution
		HideSolutionNode = FALSE
	EndGlobalSection
	GlobalSection(NestedProjects) = preSolution
		{13F80608-84B1-417B-9DC6-361352AB9F32} = {1F267883-0864-4C1C-AE20-E2AF5457BA54}
		{C26276A5-25E9-4212-A1FE-807E5B570195} = {1F267883-0864-4C1C-AE20-E2AF5457BA54}
		{AB7A1326-26BC-46E1-A9B1-32DEFE2E8443} = {1F267883-0864-4C1C-AE20-E2AF5457BA54}
		{14CAF544-3DD9-43DF-BC84-611A191048EB} = {1F267883-0864-4C1C-AE20-E2AF5457BA54}
		{A03DE42E-E15C-4A4B-B6F2-60A7F9CAEA40} = {B4487ABB-27A2-4353-AB16-1A94B31E0210}
		{CB3222DD-DFEA-4013-B71E-F773F258E908} = {B4487ABB-27A2-4353-AB16-1A94B31E0210}
		{F60E41D4-92E6-41D3-AD23-22C8749A151D} = {B4487ABB-27A2-4353-AB16-1A94B31E0210}
		{E9E2DC38-DE80-445C-B2F8-0A7B47D0A44D} = {508A2E20-BB12-4610-8CB2-0B07B233DE68}
		{8C9B862A-B569-460C-8B74-E74C6DF0CAB3} = {508A2E20-BB12-4610-8CB2-0B07B233DE68}
		{55B61B3E-19B6-41F6-8C94-DA1DE480DE5C} = {B4487ABB-27A2-4353-AB16-1A94B31E0210}
		{77FBE526-FB0F-43C3-AE00-5E19732F22C0} = {B4487ABB-27A2-4353-AB16-1A94B31E0210}
		{F099B4BA-7E3F-4EB5-9C06-F9D3E124A207} = {B4487ABB-27A2-4353-AB16-1A94B31E0210}
		{0CB3AF52-50F3-4728-BAC6-389F2E995111} = {8C9B862A-B569-460C-8B74-E74C6DF0CAB3}
		{37AD3745-2E8E-47A2-8AC7-FFC6826319DB} = {0CB3AF52-50F3-4728-BAC6-389F2E995111}
		{B0029058-4D8F-4CA0-A5DF-8DA84F992F2B} = {0CB3AF52-50F3-4728-BAC6-389F2E995111}
		{3792A3C5-496E-4555-A5A2-DB656DBAEDAC} = {0CB3AF52-50F3-4728-BAC6-389F2E995111}
		{60C43D36-817B-4EED-987B-CACDEE53CF76} = {0CB3AF52-50F3-4728-BAC6-389F2E995111}
		{1409A106-76BE-49EB-9A86-AF9A9110FBFD} = {B4487ABB-27A2-4353-AB16-1A94B31E0210}
		{6BBEA83E-F737-4B61-A62E-30577931EE5B} = {1409A106-76BE-49EB-9A86-AF9A9110FBFD}
		{2207D4D5-BD90-412C-A77A-8042533A3095} = {1409A106-76BE-49EB-9A86-AF9A9110FBFD}
		{7CB1C9F1-66A3-4053-8AFC-ED360CBEE486} = {1409A106-76BE-49EB-9A86-AF9A9110FBFD}
		{A829B975-4012-4252-8353-F0B5D7502BD8} = {B4487ABB-27A2-4353-AB16-1A94B31E0210}
		{057B66E6-2491-4195-B0B0-DBA554806128} = {1F267883-0864-4C1C-AE20-E2AF5457BA54}
		{7E92644E-9DA0-493A-B1C6-B0E9E1D1C85B} = {8C9B862A-B569-460C-8B74-E74C6DF0CAB3}
		{AF1442F4-3E3C-4A13-B5B8-B734314909A6} = {1F267883-0864-4C1C-AE20-E2AF5457BA54}
		{7EF9765B-8021-4D15-BC85-A74C59016F77} = {1F267883-0864-4C1C-AE20-E2AF5457BA54}
		{867B36EB-53C2-4397-A9CE-63FCD323EDB7} = {7EF9765B-8021-4D15-BC85-A74C59016F77}
		{AD9BF916-20C6-49BE-9D0D-EADD560B388C} = {B4487ABB-27A2-4353-AB16-1A94B31E0210}
		{03C7E3B2-158E-4E24-BF32-52BC88D33729} = {7EF9765B-8021-4D15-BC85-A74C59016F77}
		{E8766D13-08CF-416D-B6B6-D394B0BF8DB0} = {03C7E3B2-158E-4E24-BF32-52BC88D33729}
		{36B16F29-01EC-47ED-A3CE-056C74AD1A9E} = {03C7E3B2-158E-4E24-BF32-52BC88D33729}
		{BA2DD6BE-8C75-4045-99C8-93848AF5124B} = {7EF9765B-8021-4D15-BC85-A74C59016F77}
		{1777BB35-B799-4D24-A8EB-6B2F54927382} = {BA2DD6BE-8C75-4045-99C8-93848AF5124B}
		{DBC587BD-5E86-4C7F-8088-E500536C9F71} = {BA2DD6BE-8C75-4045-99C8-93848AF5124B}
		{DA74FF74-60E9-4208-9F64-E627C0E13166} = {7EF9765B-8021-4D15-BC85-A74C59016F77}
		{485BAAA8-4463-4194-BB4F-164886433FB1} = {7EF9765B-8021-4D15-BC85-A74C59016F77}
		{18CF433A-6AB0-4170-BBCF-ADD20B6A76AE} = {485BAAA8-4463-4194-BB4F-164886433FB1}
		{0EFCE50E-AD24-4781-8967-6DB323CA4165} = {DA74FF74-60E9-4208-9F64-E627C0E13166}
		{340A5703-DEB3-4980-A991-C071D28B4271} = {7EF9765B-8021-4D15-BC85-A74C59016F77}
		{AD477136-AF9E-4968-94AD-3CE479343CB9} = {7EF9765B-8021-4D15-BC85-A74C59016F77}
		{3C9705E8-07F7-4E05-B6D8-E064E1A7B43B} = {340A5703-DEB3-4980-A991-C071D28B4271}
		{EB82AC7E-733E-4BD3-A8C4-5756CCDD8528} = {AD477136-AF9E-4968-94AD-3CE479343CB9}
		{92E66B12-0092-44BD-A4EA-623E31801241} = {7EF9765B-8021-4D15-BC85-A74C59016F77}
		{55C86039-7262-4CCB-911D-4F17A53C3863} = {92E66B12-0092-44BD-A4EA-623E31801241}
		{D80E2ECA-DAF2-438B-ACF4-35736795368A} = {1F267883-0864-4C1C-AE20-E2AF5457BA54}
	EndGlobalSection
	GlobalSection(ExtensibilityGlobals) = postSolution
		SolutionGuid = {3004E730-B231-40FA-B75C-58D7DDE17679}
	EndGlobalSection
EndGlobal
