
Microsoft Visual Studio Solution File, Format Version 12.00
# Visual Studio 15
VisualStudioVersion = 15.0.27428.2043
MinimumVisualStudioVersion = 10.0.40219.1
Project("{FAE04EC0-301F-11D3-BF4B-00C04F79EFBC}") = "AnalysisReport", "AnalysisReport\AnalysisReport.csproj", "{B7894F6A-DCA7-418D-AA4B-3C63A6460EAB}"
EndProject
Project("{9A19103F-16F7-4668-BE54-9A1E7A4F7556}") = "Natasha.Reflection", "Natasha.Reflection\Natasha.Reflection.csproj", "{2D6A53A4-C1AC-434B-A318-6AC0D81AA98F}"
EndProject
Project("{9A19103F-16F7-4668-BE54-9A1E7A4F7556}") = "ConsoleFormat", "ConsoleFormat\ConsoleFormat.csproj", "{6F8BF369-2346-429E-A83D-590DB2E6D8F9}"
EndProject
Global
	GlobalSection(SolutionConfigurationPlatforms) = preSolution
		Debug|Any CPU = Debug|Any CPU
		Release|Any CPU = Release|Any CPU
	EndGlobalSection
	GlobalSection(ProjectConfigurationPlatforms) = postSolution
		{B7894F6A-DCA7-418D-AA4B-3C63A6460EAB}.Debug|Any CPU.ActiveCfg = Debug|Any CPU
		{B7894F6A-DCA7-418D-AA4B-3C63A6460EAB}.Debug|Any CPU.Build.0 = Debug|Any CPU
		{B7894F6A-DCA7-418D-AA4B-3C63A6460EAB}.Release|Any CPU.ActiveCfg = Release|Any CPU
		{B7894F6A-DCA7-418D-AA4B-3C63A6460EAB}.Release|Any CPU.Build.0 = Release|Any CPU
		{2D6A53A4-C1AC-434B-A318-6AC0D81AA98F}.Debug|Any CPU.ActiveCfg = Debug|Any CPU
		{2D6A53A4-C1AC-434B-A318-6AC0D81AA98F}.Debug|Any CPU.Build.0 = Debug|Any CPU
		{2D6A53A4-C1AC-434B-A318-6AC0D81AA98F}.Release|Any CPU.ActiveCfg = Release|Any CPU
		{2D6A53A4-C1AC-434B-A318-6AC0D81AA98F}.Release|Any CPU.Build.0 = Release|Any CPU
		{6F8BF369-2346-429E-A83D-590DB2E6D8F9}.Debug|Any CPU.ActiveCfg = Debug|Any CPU
		{6F8BF369-2346-429E-A83D-590DB2E6D8F9}.Debug|Any CPU.Build.0 = Debug|Any CPU
		{6F8BF369-2346-429E-A83D-590DB2E6D8F9}.Release|Any CPU.ActiveCfg = Release|Any CPU
		{6F8BF369-2346-429E-A83D-590DB2E6D8F9}.Release|Any CPU.Build.0 = Release|Any CPU
	EndGlobalSection
	GlobalSection(SolutionProperties) = preSolution
		HideSolutionNode = FALSE
	EndGlobalSection
	GlobalSection(ExtensibilityGlobals) = postSolution
		SolutionGuid = {695F65F5-FAB9-4CE3-A5EE-785C98A5F87C}
	EndGlobalSection
EndGlobal
